// !$*UTF8*$!
{
	archiveVersion = 1;
	classes = {
	};
	objectVersion = 56;
	objects = {

/* Begin PBXBuildFile section */
		EAF71A562C6B162700BD75EB /* BirthdaysApp.swift in Sources */ = {isa = PBXBuildFile; fileRef = EAF71A552C6B162700BD75EB /* BirthdaysApp.swift */; };
		EAF71A582C6B162700BD75EB /* ContentView.swift in Sources */ = {isa = PBXBuildFile; fileRef = EAF71A572C6B162700BD75EB /* ContentView.swift */; };
		EAF71A5A2C6B162900BD75EB /* Assets.xcassets in Resources */ = {isa = PBXBuildFile; fileRef = EAF71A592C6B162900BD75EB /* Assets.xcassets */; };
		EAF71A5E2C6B162900BD75EB /* Preview Assets.xcassets in Resources */ = {isa = PBXBuildFile; fileRef = EAF71A5D2C6B162900BD75EB /* Preview Assets.xcassets */; };
		EAF71A682C6B162900BD75EB /* BirthdaysTests.swift in Sources */ = {isa = PBXBuildFile; fileRef = EAF71A672C6B162900BD75EB /* BirthdaysTests.swift */; };
		EAF71A722C6B162900BD75EB /* BirthdaysUITests.swift in Sources */ = {isa = PBXBuildFile; fileRef = EAF71A712C6B162900BD75EB /* BirthdaysUITests.swift */; };
		EAF71A742C6B162900BD75EB /* BirthdaysUITestsLaunchTests.swift in Sources */ = {isa = PBXBuildFile; fileRef = EAF71A732C6B162900BD75EB /* BirthdaysUITestsLaunchTests.swift */; };
/* End PBXBuildFile section */

/* Begin PBXContainerItemProxy section */
		EAF71A642C6B162900BD75EB /* PBXContainerItemProxy */ = {
			isa = PBXContainerItemProxy;
			containerPortal = EAF71A4A2C6B162700BD75EB /* Project object */;
			proxyType = 1;
			remoteGlobalIDString = EAF71A512C6B162700BD75EB;
			remoteInfo = Birthdays;
		};
		EAF71A6E2C6B162900BD75EB /* PBXContainerItemProxy */ = {
			isa = PBXContainerItemProxy;
			containerPortal = EAF71A4A2C6B162700BD75EB /* Project object */;
			proxyType = 1;
			remoteGlobalIDString = EAF71A512C6B162700BD75EB;
			remoteInfo = Birthdays;
		};
/* End PBXContainerItemProxy section */

/* Begin PBXFileReference section */
		EAF71A522C6B162700BD75EB /* Birthdays.app */ = {isa = PBXFileReference; explicitFileType = wrapper.application; includeInIndex = 0; path = Birthdays.app; sourceTree = BUILT_PRODUCTS_DIR; };
		EAF71A552C6B162700BD75EB /* BirthdaysApp.swift */ = {isa = PBXFileReference; lastKnownFileType = sourcecode.swift; path = BirthdaysApp.swift; sourceTree = "<group>"; };
		EAF71A572C6B162700BD75EB /* ContentView.swift */ = {isa = PBXFileReference; lastKnownFileType = sourcecode.swift; path = ContentView.swift; sourceTree = "<group>"; };
		EAF71A592C6B162900BD75EB /* Assets.xcassets */ = {isa = PBXFileReference; lastKnownFileType = folder.assetcatalog; path = Assets.xcassets; sourceTree = "<group>"; };
		EAF71A5B2C6B162900BD75EB /* Birthdays.entitlements */ = {isa = PBXFileReference; lastKnownFileType = text.plist.entitlements; path = Birthdays.entitlements; sourceTree = "<group>"; };
		EAF71A5D2C6B162900BD75EB /* Preview Assets.xcassets */ = {isa = PBXFileReference; lastKnownFileType = folder.assetcatalog; path = "Preview Assets.xcassets"; sourceTree = "<group>"; };
		EAF71A632C6B162900BD75EB /* BirthdaysTests.xctest */ = {isa = PBXFileReference; explicitFileType = wrapper.cfbundle; includeInIndex = 0; path = BirthdaysTests.xctest; sourceTree = BUILT_PRODUCTS_DIR; };
		EAF71A672C6B162900BD75EB /* BirthdaysTests.swift */ = {isa = PBXFileReference; lastKnownFileType = sourcecode.swift; path = BirthdaysTests.swift; sourceTree = "<group>"; };
		EAF71A6D2C6B162900BD75EB /* BirthdaysUITests.xctest */ = {isa = PBXFileReference; explicitFileType = wrapper.cfbundle; includeInIndex = 0; path = BirthdaysUITests.xctest; sourceTree = BUILT_PRODUCTS_DIR; };
		EAF71A712C6B162900BD75EB /* BirthdaysUITests.swift */ = {isa = PBXFileReference; lastKnownFileType = sourcecode.swift; path = BirthdaysUITests.swift; sourceTree = "<group>"; };
		EAF71A732C6B162900BD75EB /* BirthdaysUITestsLaunchTests.swift */ = {isa = PBXFileReference; lastKnownFileType = sourcecode.swift; path = BirthdaysUITestsLaunchTests.swift; sourceTree = "<group>"; };
/* End PBXFileReference section */

/* Begin PBXFrameworksBuildPhase section */
		EAF71A4F2C6B162700BD75EB /* Frameworks */ = {
			isa = PBXFrameworksBuildPhase;
			buildActionMask = 2147483647;
			files = (
			);
			runOnlyForDeploymentPostprocessing = 0;
		};
		EAF71A602C6B162900BD75EB /* Frameworks */ = {
			isa = PBXFrameworksBuildPhase;
			buildActionMask = 2147483647;
			files = (
			);
			runOnlyForDeploymentPostprocessing = 0;
		};
		EAF71A6A2C6B162900BD75EB /* Frameworks */ = {
			isa = PBXFrameworksBuildPhase;
			buildActionMask = 2147483647;
			files = (
			);
			runOnlyForDeploymentPostprocessing = 0;
		};
/* End PBXFrameworksBuildPhase section */

/* Begin PBXGroup section */
		EAF71A492C6B162700BD75EB = {
			isa = PBXGroup;
			children = (
				EAF71A542C6B162700BD75EB /* Birthdays */,
				EAF71A662C6B162900BD75EB /* BirthdaysTests */,
				EAF71A702C6B162900BD75EB /* BirthdaysUITests */,
				EAF71A532C6B162700BD75EB /* Products */,
			);
			sourceTree = "<group>";
		};
		EAF71A532C6B162700BD75EB /* Products */ = {
			isa = PBXGroup;
			children = (
				EAF71A522C6B162700BD75EB /* Birthdays.app */,
				EAF71A632C6B162900BD75EB /* BirthdaysTests.xctest */,
				EAF71A6D2C6B162900BD75EB /* BirthdaysUITests.xctest */,
			);
			name = Products;
			sourceTree = "<group>";
		};
		EAF71A542C6B162700BD75EB /* Birthdays */ = {
			isa = PBXGroup;
			children = (
				EAF71A552C6B162700BD75EB /* BirthdaysApp.swift */,
				EAF71A572C6B162700BD75EB /* ContentView.swift */,
				EAF71A592C6B162900BD75EB /* Assets.xcassets */,
				EAF71A5B2C6B162900BD75EB /* Birthdays.entitlements */,
				EAF71A5C2C6B162900BD75EB /* Preview Content */,
			);
			path = Birthdays;
			sourceTree = "<group>";
		};
		EAF71A5C2C6B162900BD75EB /* Preview Content */ = {
			isa = PBXGroup;
			children = (
				EAF71A5D2C6B162900BD75EB /* Preview Assets.xcassets */,
			);
			path = "Preview Content";
			sourceTree = "<group>";
		};
		EAF71A662C6B162900BD75EB /* BirthdaysTests */ = {
			isa = PBXGroup;
			children = (
				EAF71A672C6B162900BD75EB /* BirthdaysTests.swift */,
			);
			path = BirthdaysTests;
			sourceTree = "<group>";
		};
		EAF71A702C6B162900BD75EB /* BirthdaysUITests */ = {
			isa = PBXGroup;
			children = (
				EAF71A712C6B162900BD75EB /* BirthdaysUITests.swift */,
				EAF71A732C6B162900BD75EB /* BirthdaysUITestsLaunchTests.swift */,
			);
			path = BirthdaysUITests;
			sourceTree = "<group>";
		};
/* End PBXGroup section */

/* Begin PBXNativeTarget section */
		EAF71A512C6B162700BD75EB /* Birthdays */ = {
			isa = PBXNativeTarget;
			buildConfigurationList = EAF71A772C6B162900BD75EB /* Build configuration list for PBXNativeTarget "Birthdays" */;
			buildPhases = (
				EAF71A4E2C6B162700BD75EB /* Sources */,
				EAF71A4F2C6B162700BD75EB /* Frameworks */,
				EAF71A502C6B162700BD75EB /* Resources */,
			);
			buildRules = (
			);
			dependencies = (
			);
			name = Birthdays;
			productName = Birthdays;
			productReference = EAF71A522C6B162700BD75EB /* Birthdays.app */;
			productType = "com.apple.product-type.application";
		};
		EAF71A622C6B162900BD75EB /* BirthdaysTests */ = {
			isa = PBXNativeTarget;
			buildConfigurationList = EAF71A7A2C6B162900BD75EB /* Build configuration list for PBXNativeTarget "BirthdaysTests" */;
			buildPhases = (
				EAF71A5F2C6B162900BD75EB /* Sources */,
				EAF71A602C6B162900BD75EB /* Frameworks */,
				EAF71A612C6B162900BD75EB /* Resources */,
			);
			buildRules = (
			);
			dependencies = (
				EAF71A652C6B162900BD75EB /* PBXTargetDependency */,
			);
			name = BirthdaysTests;
			productName = BirthdaysTests;
			productReference = EAF71A632C6B162900BD75EB /* BirthdaysTests.xctest */;
			productType = "com.apple.product-type.bundle.unit-test";
		};
		EAF71A6C2C6B162900BD75EB /* BirthdaysUITests */ = {
			isa = PBXNativeTarget;
			buildConfigurationList = EAF71A7D2C6B162900BD75EB /* Build configuration list for PBXNativeTarget "BirthdaysUITests" */;
			buildPhases = (
				EAF71A692C6B162900BD75EB /* Sources */,
				EAF71A6A2C6B162900BD75EB /* Frameworks */,
				EAF71A6B2C6B162900BD75EB /* Resources */,
			);
			buildRules = (
			);
			dependencies = (
				EAF71A6F2C6B162900BD75EB /* PBXTargetDependency */,
			);
			name = BirthdaysUITests;
			productName = BirthdaysUITests;
			productReference = EAF71A6D2C6B162900BD75EB /* BirthdaysUITests.xctest */;
			productType = "com.apple.product-type.bundle.ui-testing";
		};
/* End PBXNativeTarget section */

/* Begin PBXProject section */
		EAF71A4A2C6B162700BD75EB /* Project object */ = {
			isa = PBXProject;
			attributes = {
				BuildIndependentTargetsInParallel = 1;
				LastSwiftUpdateCheck = 1500;
				LastUpgradeCheck = 1500;
				TargetAttributes = {
					EAF71A512C6B162700BD75EB = {
						CreatedOnToolsVersion = 15.0.1;
					};
					EAF71A622C6B162900BD75EB = {
						CreatedOnToolsVersion = 15.0.1;
						TestTargetID = EAF71A512C6B162700BD75EB;
					};
					EAF71A6C2C6B162900BD75EB = {
						CreatedOnToolsVersion = 15.0.1;
						TestTargetID = EAF71A512C6B162700BD75EB;
					};
				};
			};
			buildConfigurationList = EAF71A4D2C6B162700BD75EB /* Build configuration list for PBXProject "Birthdays" */;
			compatibilityVersion = "Xcode 14.0";
			developmentRegion = en;
			hasScannedForEncodings = 0;
			knownRegions = (
				en,
				Base,
			);
			mainGroup = EAF71A492C6B162700BD75EB;
			productRefGroup = EAF71A532C6B162700BD75EB /* Products */;
			projectDirPath = "";
			projectRoot = "";
			targets = (
				EAF71A512C6B162700BD75EB /* Birthdays */,
				EAF71A622C6B162900BD75EB /* BirthdaysTests */,
				EAF71A6C2C6B162900BD75EB /* BirthdaysUITests */,
			);
		};
/* End PBXProject section */

/* Begin PBXResourcesBuildPhase section */
		EAF71A502C6B162700BD75EB /* Resources */ = {
			isa = PBXResourcesBuildPhase;
			buildActionMask = 2147483647;
			files = (
				EAF71A5E2C6B162900BD75EB /* Preview Assets.xcassets in Resources */,
				EAF71A5A2C6B162900BD75EB /* Assets.xcassets in Resources */,
			);
			runOnlyForDeploymentPostprocessing = 0;
		};
		EAF71A612C6B162900BD75EB /* Resources */ = {
			isa = PBXResourcesBuildPhase;
			buildActionMask = 2147483647;
			files = (
			);
			runOnlyForDeploymentPostprocessing = 0;
		};
		EAF71A6B2C6B162900BD75EB /* Resources */ = {
			isa = PBXResourcesBuildPhase;
			buildActionMask = 2147483647;
			files = (
			);
			runOnlyForDeploymentPostprocessing = 0;
		};
/* End PBXResourcesBuildPhase section */

/* Begin PBXSourcesBuildPhase section */
		EAF71A4E2C6B162700BD75EB /* Sources */ = {
			isa = PBXSourcesBuildPhase;
			buildActionMask = 2147483647;
			files = (
				EAF71A582C6B162700BD75EB /* ContentView.swift in Sources */,
				EAF71A562C6B162700BD75EB /* BirthdaysApp.swift in Sources */,
			);
			runOnlyForDeploymentPostprocessing = 0;
		};
		EAF71A5F2C6B162900BD75EB /* Sources */ = {
			isa = PBXSourcesBuildPhase;
			buildActionMask = 2147483647;
			files = (
				EAF71A682C6B162900BD75EB /* BirthdaysTests.swift in Sources */,
			);
			runOnlyForDeploymentPostprocessing = 0;
		};
		EAF71A692C6B162900BD75EB /* Sources */ = {
			isa = PBXSourcesBuildPhase;
			buildActionMask = 2147483647;
			files = (
				EAF71A722C6B162900BD75EB /* BirthdaysUITests.swift in Sources */,
				EAF71A742C6B162900BD75EB /* BirthdaysUITestsLaunchTests.swift in Sources */,
			);
			runOnlyForDeploymentPostprocessing = 0;
		};
/* End PBXSourcesBuildPhase section */

/* Begin PBXTargetDependency section */
		EAF71A652C6B162900BD75EB /* PBXTargetDependency */ = {
			isa = PBXTargetDependency;
			target = EAF71A512C6B162700BD75EB /* Birthdays */;
			targetProxy = EAF71A642C6B162900BD75EB /* PBXContainerItemProxy */;
		};
		EAF71A6F2C6B162900BD75EB /* PBXTargetDependency */ = {
			isa = PBXTargetDependency;
			target = EAF71A512C6B162700BD75EB /* Birthdays */;
			targetProxy = EAF71A6E2C6B162900BD75EB /* PBXContainerItemProxy */;
		};
/* End PBXTargetDependency section */

/* Begin XCBuildConfiguration section */
		EAF71A752C6B162900BD75EB /* Debug */ = {
			isa = XCBuildConfiguration;
			buildSettings = {
				ALWAYS_SEARCH_USER_PATHS = NO;
				ASSETCATALOG_COMPILER_GENERATE_SWIFT_ASSET_SYMBOL_EXTENSIONS = YES;
				CLANG_ANALYZER_NONNULL = YES;
				CLANG_ANALYZER_NUMBER_OBJECT_CONVERSION = YES_AGGRESSIVE;
				CLANG_CXX_LANGUAGE_STANDARD = "gnu++20";
				CLANG_ENABLE_MODULES = YES;
				CLANG_ENABLE_OBJC_ARC = YES;
				CLANG_ENABLE_OBJC_WEAK = YES;
				CLANG_WARN_BLOCK_CAPTURE_AUTORELEASING = YES;
				CLANG_WARN_BOOL_CONVERSION = YES;
				CLANG_WARN_COMMA = YES;
				CLANG_WARN_CONSTANT_CONVERSION = YES;
				CLANG_WARN_DEPRECATED_OBJC_IMPLEMENTATIONS = YES;
				CLANG_WARN_DIRECT_OBJC_ISA_USAGE = YES_ERROR;
				CLANG_WARN_DOCUMENTATION_COMMENTS = YES;
				CLANG_WARN_EMPTY_BODY = YES;
				CLANG_WARN_ENUM_CONVERSION = YES;
				CLANG_WARN_INFINITE_RECURSION = YES;
				CLANG_WARN_INT_CONVERSION = YES;
				CLANG_WARN_NON_LITERAL_NULL_CONVERSION = YES;
				CLANG_WARN_OBJC_IMPLICIT_RETAIN_SELF = YES;
				CLANG_WARN_OBJC_LITERAL_CONVERSION = YES;
				CLANG_WARN_OBJC_ROOT_CLASS = YES_ERROR;
				CLANG_WARN_QUOTED_INCLUDE_IN_FRAMEWORK_HEADER = YES;
				CLANG_WARN_RANGE_LOOP_ANALYSIS = YES;
				CLANG_WARN_STRICT_PROTOTYPES = YES;
				CLANG_WARN_SUSPICIOUS_MOVE = YES;
				CLANG_WARN_UNGUARDED_AVAILABILITY = YES_AGGRESSIVE;
				CLANG_WARN_UNREACHABLE_CODE = YES;
				CLANG_WARN__DUPLICATE_METHOD_MATCH = YES;
				COPY_PHASE_STRIP = NO;
				DEBUG_INFORMATION_FORMAT = dwarf;
				ENABLE_STRICT_OBJC_MSGSEND = YES;
				ENABLE_TESTABILITY = YES;
				ENABLE_USER_SCRIPT_SANDBOXING = YES;
				GCC_C_LANGUAGE_STANDARD = gnu17;
				GCC_DYNAMIC_NO_PIC = NO;
				GCC_NO_COMMON_BLOCKS = YES;
				GCC_OPTIMIZATION_LEVEL = 0;
				GCC_PREPROCESSOR_DEFINITIONS = (
					"DEBUG=1",
					"$(inherited)",
				);
				GCC_WARN_64_TO_32_BIT_CONVERSION = YES;
				GCC_WARN_ABOUT_RETURN_TYPE = YES_ERROR;
				GCC_WARN_UNDECLARED_SELECTOR = YES;
				GCC_WARN_UNINITIALIZED_AUTOS = YES_AGGRESSIVE;
				GCC_WARN_UNUSED_FUNCTION = YES;
				GCC_WARN_UNUSED_VARIABLE = YES;
				LOCALIZATION_PREFERS_STRING_CATALOGS = YES;
				MTL_ENABLE_DEBUG_INFO = INCLUDE_SOURCE;
				MTL_FAST_MATH = YES;
				ONLY_ACTIVE_ARCH = YES;
				SWIFT_ACTIVE_COMPILATION_CONDITIONS = "DEBUG $(inherited)";
				SWIFT_OPTIMIZATION_LEVEL = "-Onone";
			};
			name = Debug;
		};
		EAF71A762C6B162900BD75EB /* Release */ = {
			isa = XCBuildConfiguration;
			buildSettings = {
				ALWAYS_SEARCH_USER_PATHS = NO;
				ASSETCATALOG_COMPILER_GENERATE_SWIFT_ASSET_SYMBOL_EXTENSIONS = YES;
				CLANG_ANALYZER_NONNULL = YES;
				CLANG_ANALYZER_NUMBER_OBJECT_CONVERSION = YES_AGGRESSIVE;
				CLANG_CXX_LANGUAGE_STANDARD = "gnu++20";
				CLANG_ENABLE_MODULES = YES;
				CLANG_ENABLE_OBJC_ARC = YES;
				CLANG_ENABLE_OBJC_WEAK = YES;
				CLANG_WARN_BLOCK_CAPTURE_AUTORELEASING = YES;
				CLANG_WARN_BOOL_CONVERSION = YES;
				CLANG_WARN_COMMA = YES;
				CLANG_WARN_CONSTANT_CONVERSION = YES;
				CLANG_WARN_DEPRECATED_OBJC_IMPLEMENTATIONS = YES;
				CLANG_WARN_DIRECT_OBJC_ISA_USAGE = YES_ERROR;
				CLANG_WARN_DOCUMENTATION_COMMENTS = YES;
				CLANG_WARN_EMPTY_BODY = YES;
				CLANG_WARN_ENUM_CONVERSION = YES;
				CLANG_WARN_INFINITE_RECURSION = YES;
				CLANG_WARN_INT_CONVERSION = YES;
				CLANG_WARN_NON_LITERAL_NULL_CONVERSION = YES;
				CLANG_WARN_OBJC_IMPLICIT_RETAIN_SELF = YES;
				CLANG_WARN_OBJC_LITERAL_CONVERSION = YES;
				CLANG_WARN_OBJC_ROOT_CLASS = YES_ERROR;
				CLANG_WARN_QUOTED_INCLUDE_IN_FRAMEWORK_HEADER = YES;
				CLANG_WARN_RANGE_LOOP_ANALYSIS = YES;
				CLANG_WARN_STRICT_PROTOTYPES = YES;
				CLANG_WARN_SUSPICIOUS_MOVE = YES;
				CLANG_WARN_UNGUARDED_AVAILABILITY = YES_AGGRESSIVE;
				CLANG_WARN_UNREACHABLE_CODE = YES;
				CLANG_WARN__DUPLICATE_METHOD_MATCH = YES;
				COPY_PHASE_STRIP = NO;
				DEBUG_INFORMATION_FORMAT = "dwarf-with-dsym";
				ENABLE_NS_ASSERTIONS = NO;
				ENABLE_STRICT_OBJC_MSGSEND = YES;
				ENABLE_USER_SCRIPT_SANDBOXING = YES;
				GCC_C_LANGUAGE_STANDARD = gnu17;
				GCC_NO_COMMON_BLOCKS = YES;
				GCC_WARN_64_TO_32_BIT_CONVERSION = YES;
				GCC_WARN_ABOUT_RETURN_TYPE = YES_ERROR;
				GCC_WARN_UNDECLARED_SELECTOR = YES;
				GCC_WARN_UNINITIALIZED_AUTOS = YES_AGGRESSIVE;
				GCC_WARN_UNUSED_FUNCTION = YES;
				GCC_WARN_UNUSED_VARIABLE = YES;
				LOCALIZATION_PREFERS_STRING_CATALOGS = YES;
				MTL_ENABLE_DEBUG_INFO = NO;
				MTL_FAST_MATH = YES;
				SWIFT_COMPILATION_MODE = wholemodule;
			};
			name = Release;
		};
		EAF71A782C6B162900BD75EB /* Debug */ = {
			isa = XCBuildConfiguration;
			buildSettings = {
				ASSETCATALOG_COMPILER_APPICON_NAME = AppIcon;
				ASSETCATALOG_COMPILER_GLOBAL_ACCENT_COLOR_NAME = AccentColor;
				CODE_SIGN_ENTITLEMENTS = Birthdays/Birthdays.entitlements;
				CODE_SIGN_STYLE = Automatic;
				CURRENT_PROJECT_VERSION = 1;
				DEVELOPMENT_ASSET_PATHS = "\"Birthdays/Preview Content\"";
				ENABLE_PREVIEWS = YES;
				GENERATE_INFOPLIST_FILE = YES;
				"INFOPLIST_KEY_UIApplicationSceneManifest_Generation[sdk=iphoneos*]" = YES;
				"INFOPLIST_KEY_UIApplicationSceneManifest_Generation[sdk=iphonesimulator*]" = YES;
				"INFOPLIST_KEY_UIApplicationSupportsIndirectInputEvents[sdk=iphoneos*]" = YES;
				"INFOPLIST_KEY_UIApplicationSupportsIndirectInputEvents[sdk=iphonesimulator*]" = YES;
				"INFOPLIST_KEY_UILaunchScreen_Generation[sdk=iphoneos*]" = YES;
				"INFOPLIST_KEY_UILaunchScreen_Generation[sdk=iphonesimulator*]" = YES;
				"INFOPLIST_KEY_UIStatusBarStyle[sdk=iphoneos*]" = UIStatusBarStyleDefault;
				"INFOPLIST_KEY_UIStatusBarStyle[sdk=iphonesimulator*]" = UIStatusBarStyleDefault;
				INFOPLIST_KEY_UISupportedInterfaceOrientations_iPad = "UIInterfaceOrientationPortrait UIInterfaceOrientationPortraitUpsideDown UIInterfaceOrientationLandscapeLeft UIInterfaceOrientationLandscapeRight";
				INFOPLIST_KEY_UISupportedInterfaceOrientations_iPhone = "UIInterfaceOrientationPortrait UIInterfaceOrientationLandscapeLeft UIInterfaceOrientationLandscapeRight";
				IPHONEOS_DEPLOYMENT_TARGET = 17.0;
				LD_RUNPATH_SEARCH_PATHS = "@executable_path/Frameworks";
				"LD_RUNPATH_SEARCH_PATHS[sdk=macosx*]" = "@executable_path/../Frameworks";
				MACOSX_DEPLOYMENT_TARGET = 14.0;
				MARKETING_VERSION = 1.0;
				PRODUCT_BUNDLE_IDENTIFIER = handleryouth.app.Birthdays;
				PRODUCT_NAME = "$(TARGET_NAME)";
				SDKROOT = auto;
				SUPPORTED_PLATFORMS = "iphoneos iphonesimulator macosx";
				SWIFT_EMIT_LOC_STRINGS = YES;
				SWIFT_VERSION = 5.0;
				TARGETED_DEVICE_FAMILY = "1,2";
			};
			name = Debug;
		};
		EAF71A792C6B162900BD75EB /* Release */ = {
			isa = XCBuildConfiguration;
			buildSettings = {
				ASSETCATALOG_COMPILER_APPICON_NAME = AppIcon;
				ASSETCATALOG_COMPILER_GLOBAL_ACCENT_COLOR_NAME = AccentColor;
				CODE_SIGN_ENTITLEMENTS = Birthdays/Birthdays.entitlements;
				CODE_SIGN_STYLE = Automatic;
				CURRENT_PROJECT_VERSION = 1;
				DEVELOPMENT_ASSET_PATHS = "\"Birthdays/Preview Content\"";
				ENABLE_PREVIEWS = YES;
				GENERATE_INFOPLIST_FILE = YES;
				"INFOPLIST_KEY_UIApplicationSceneManifest_Generation[sdk=iphoneos*]" = YES;
				"INFOPLIST_KEY_UIApplicationSceneManifest_Generation[sdk=iphonesimulator*]" = YES;
				"INFOPLIST_KEY_UIApplicationSupportsIndirectInputEvents[sdk=iphoneos*]" = YES;
				"INFOPLIST_KEY_UIApplicationSupportsIndirectInputEvents[sdk=iphonesimulator*]" = YES;
				"INFOPLIST_KEY_UILaunchScreen_Generation[sdk=iphoneos*]" = YES;
				"INFOPLIST_KEY_UILaunchScreen_Generation[sdk=iphonesimulator*]" = YES;
				"INFOPLIST_KEY_UIStatusBarStyle[sdk=iphoneos*]" = UIStatusBarStyleDefault;
				"INFOPLIST_KEY_UIStatusBarStyle[sdk=iphonesimulator*]" = UIStatusBarStyleDefault;
				INFOPLIST_KEY_UISupportedInterfaceOrientations_iPad = "UIInterfaceOrientationPortrait UIInterfaceOrientationPortraitUpsideDown UIInterfaceOrientationLandscapeLeft UIInterfaceOrientationLandscapeRight";
				INFOPLIST_KEY_UISupportedInterfaceOrientations_iPhone = "UIInterfaceOrientationPortrait UIInterfaceOrientationLandscapeLeft UIInterfaceOrientationLandscapeRight";
				IPHONEOS_DEPLOYMENT_TARGET = 17.0;
				LD_RUNPATH_SEARCH_PATHS = "@executable_path/Frameworks";
				"LD_RUNPATH_SEARCH_PATHS[sdk=macosx*]" = "@executable_path/../Frameworks";
				MACOSX_DEPLOYMENT_TARGET = 14.0;
				MARKETING_VERSION = 1.0;
				PRODUCT_BUNDLE_IDENTIFIER = handleryouth.app.Birthdays;
				PRODUCT_NAME = "$(TARGET_NAME)";
				SDKROOT = auto;
				SUPPORTED_PLATFORMS = "iphoneos iphonesimulator macosx";
				SWIFT_EMIT_LOC_STRINGS = YES;
				SWIFT_VERSION = 5.0;
				TARGETED_DEVICE_FAMILY = "1,2";
			};
			name = Release;
		};
		EAF71A7B2C6B162900BD75EB /* Debug */ = {
			isa = XCBuildConfiguration;
			buildSettings = {
				ALWAYS_EMBED_SWIFT_STANDARD_LIBRARIES = YES;
				BUNDLE_LOADER = "$(TEST_HOST)";
				CODE_SIGN_STYLE = Automatic;
				CURRENT_PROJECT_VERSION = 1;
				GENERATE_INFOPLIST_FILE = YES;
				IPHONEOS_DEPLOYMENT_TARGET = 17.0;
				MACOSX_DEPLOYMENT_TARGET = 14.0;
				MARKETING_VERSION = 1.0;
				PRODUCT_BUNDLE_IDENTIFIER = handleryouth.app.BirthdaysTests;
				PRODUCT_NAME = "$(TARGET_NAME)";
				SDKROOT = auto;
				SUPPORTED_PLATFORMS = "iphoneos iphonesimulator macosx";
				SWIFT_EMIT_LOC_STRINGS = NO;
				SWIFT_VERSION = 5.0;
				TARGETED_DEVICE_FAMILY = "1,2";
				TEST_HOST = "$(BUILT_PRODUCTS_DIR)/Birthdays.app/$(BUNDLE_EXECUTABLE_FOLDER_PATH)/Birthdays";
			};
			name = Debug;
		};
		EAF71A7C2C6B162900BD75EB /* Release */ = {
			isa = XCBuildConfiguration;
			buildSettings = {
				ALWAYS_EMBED_SWIFT_STANDARD_LIBRARIES = YES;
				BUNDLE_LOADER = "$(TEST_HOST)";
				CODE_SIGN_STYLE = Automatic;
				CURRENT_PROJECT_VERSION = 1;
				GENERATE_INFOPLIST_FILE = YES;
				IPHONEOS_DEPLOYMENT_TARGET = 17.0;
				MACOSX_DEPLOYMENT_TARGET = 14.0;
				MARKETING_VERSION = 1.0;
				PRODUCT_BUNDLE_IDENTIFIER = handleryouth.app.BirthdaysTests;
				PRODUCT_NAME = "$(TARGET_NAME)";
				SDKROOT = auto;
				SUPPORTED_PLATFORMS = "iphoneos iphonesimulator macosx";
				SWIFT_EMIT_LOC_STRINGS = NO;
				SWIFT_VERSION = 5.0;
				TARGETED_DEVICE_FAMILY = "1,2";
				TEST_HOST = "$(BUILT_PRODUCTS_DIR)/Birthdays.app/$(BUNDLE_EXECUTABLE_FOLDER_PATH)/Birthdays";
			};
			name = Release;
		};
		EAF71A7E2C6B162900BD75EB /* Debug */ = {
			isa = XCBuildConfiguration;
			buildSettings = {
				ALWAYS_EMBED_SWIFT_STANDARD_LIBRARIES = YES;
				CODE_SIGN_STYLE = Automatic;
				CURRENT_PROJECT_VERSION = 1;
				GENERATE_INFOPLIST_FILE = YES;
				IPHONEOS_DEPLOYMENT_TARGET = 17.0;
				MACOSX_DEPLOYMENT_TARGET = 14.0;
				MARKETING_VERSION = 1.0;
				PRODUCT_BUNDLE_IDENTIFIER = handleryouth.app.BirthdaysUITests;
				PRODUCT_NAME = "$(TARGET_NAME)";
				SDKROOT = auto;
				SUPPORTED_PLATFORMS = "iphoneos iphonesimulator macosx";
				SWIFT_EMIT_LOC_STRINGS = NO;
				SWIFT_VERSION = 5.0;
				TARGETED_DEVICE_FAMILY = "1,2";
				TEST_TARGET_NAME = Birthdays;
			};
			name = Debug;
		};
		EAF71A7F2C6B162900BD75EB /* Release */ = {
			isa = XCBuildConfiguration;
			buildSettings = {
				ALWAYS_EMBED_SWIFT_STANDARD_LIBRARIES = YES;
				CODE_SIGN_STYLE = Automatic;
				CURRENT_PROJECT_VERSION = 1;
				GENERATE_INFOPLIST_FILE = YES;
				IPHONEOS_DEPLOYMENT_TARGET = 17.0;
				MACOSX_DEPLOYMENT_TARGET = 14.0;
				MARKETING_VERSION = 1.0;
				PRODUCT_BUNDLE_IDENTIFIER = handleryouth.app.BirthdaysUITests;
				PRODUCT_NAME = "$(TARGET_NAME)";
				SDKROOT = auto;
				SUPPORTED_PLATFORMS = "iphoneos iphonesimulator macosx";
				SWIFT_EMIT_LOC_STRINGS = NO;
				SWIFT_VERSION = 5.0;
				TARGETED_DEVICE_FAMILY = "1,2";
				TEST_TARGET_NAME = Birthdays;
			};
			name = Release;
		};
/* End XCBuildConfiguration section */

/* Begin XCConfigurationList section */
		EAF71A4D2C6B162700BD75EB /* Build configuration list for PBXProject "Birthdays" */ = {
			isa = XCConfigurationList;
			buildConfigurations = (
				EAF71A752C6B162900BD75EB /* Debug */,
				EAF71A762C6B162900BD75EB /* Release */,
			);
			defaultConfigurationIsVisible = 0;
			defaultConfigurationName = Release;
		};
		EAF71A772C6B162900BD75EB /* Build configuration list for PBXNativeTarget "Birthdays" */ = {
			isa = XCConfigurationList;
			buildConfigurations = (
				EAF71A782C6B162900BD75EB /* Debug */,
				EAF71A792C6B162900BD75EB /* Release */,
			);
			defaultConfigurationIsVisible = 0;
			defaultConfigurationName = Release;
		};
		EAF71A7A2C6B162900BD75EB /* Build configuration list for PBXNativeTarget "BirthdaysTests" */ = {
			isa = XCConfigurationList;
			buildConfigurations = (
				EAF71A7B2C6B162900BD75EB /* Debug */,
				EAF71A7C2C6B162900BD75EB /* Release */,
			);
			defaultConfigurationIsVisible = 0;
			defaultConfigurationName = Release;
		};
		EAF71A7D2C6B162900BD75EB /* Build configuration list for PBXNativeTarget "BirthdaysUITests" */ = {
			isa = XCConfigurationList;
			buildConfigurations = (
				EAF71A7E2C6B162900BD75EB /* Debug */,
				EAF71A7F2C6B162900BD75EB /* Release */,
			);
			defaultConfigurationIsVisible = 0;
			defaultConfigurationName = Release;
		};
/* End XCConfigurationList section */
	};
	rootObject = EAF71A4A2C6B162700BD75EB /* Project object */;
}
